
Microsoft Visual Studio Solution File, Format Version 12.00
# Visual Studio Version 17
VisualStudioVersion = 17.5.33530.505
MinimumVisualStudioVersion = 10.0.40219.1
Project("{FAE04EC0-301F-11D3-BF4B-00C04F79EFBC}") = "Proyecto_Final", "Proyecto_Final\Proyecto_Final.csproj", "{62B16684-69F6-49BB-A78C-27C229D50D5E}"
EndProject
Global
	GlobalSection(SolutionConfigurationPlatforms) = preSolution
		Debug|Any CPU = Debug|Any CPU
		Release|Any CPU = Release|Any CPU
	EndGlobalSection
	GlobalSection(ProjectConfigurationPlatforms) = postSolution
		{62B16684-69F6-49BB-A78C-27C229D50D5E}.Debug|Any CPU.ActiveCfg = Debug|Any CPU
		{62B16684-69F6-49BB-A78C-27C229D50D5E}.Debug|Any CPU.Build.0 = Debug|Any CPU
		{62B16684-69F6-49BB-A78C-27C229D50D5E}.Release|Any CPU.ActiveCfg = Release|Any CPU
		{62B16684-69F6-49BB-A78C-27C229D50D5E}.Release|Any CPU.Build.0 = Release|Any CPU
	EndGlobalSection
	GlobalSection(SolutionProperties) = preSolution
		HideSolutionNode = FALSE
	EndGlobalSection
	GlobalSection(ExtensibilityGlobals) = postSolution
		SolutionGuid = {9BD57BE4-6359-459D-AF0B-4C2906E772DF}
	EndGlobalSection
EndGlobal
